
Microsoft Visual Studio Solution File, Format Version 12.00
# Visual Studio Version 17
VisualStudioVersion = 17.5.33530.505
MinimumVisualStudioVersion = 10.0.40219.1
Project("{FAE04EC0-301F-11D3-BF4B-00C04F79EFBC}") = "Aplicacion-API", "Aplicacion-API\Aplicacion-API.csproj", "{755A012C-1DFE-417A-B103-D6AC771240BA}"
EndProject
Global
	GlobalSection(SolutionConfigurationPlatforms) = preSolution
		Debug|Any CPU = Debug|Any CPU
		Release|Any CPU = Release|Any CPU
	EndGlobalSection
	GlobalSection(ProjectConfigurationPlatforms) = postSolution
		{755A012C-1DFE-417A-B103-D6AC771240BA}.Debug|Any CPU.ActiveCfg = Debug|Any CPU
		{755A012C-1DFE-417A-B103-D6AC771240BA}.Debug|Any CPU.Build.0 = Debug|Any CPU
		{755A012C-1DFE-417A-B103-D6AC771240BA}.Release|Any CPU.ActiveCfg = Release|Any CPU
		{755A012C-1DFE-417A-B103-D6AC771240BA}.Release|Any CPU.Build.0 = Release|Any CPU
	EndGlobalSection
	GlobalSection(SolutionProperties) = preSolution
		HideSolutionNode = FALSE
	EndGlobalSection
	GlobalSection(ExtensibilityGlobals) = postSolution
		SolutionGuid = {7CD4C103-BB42-4378-B02F-06E941B5590C}
	EndGlobalSection
EndGlobal
